// !$*UTF8*$!
{
	archiveVersion = 1;
	classes = {
	};
	objectVersion = 48;
	objects = {

/* Begin PBXBuildFile section */
		3000CC851FCE088D009895D4 /* AppCoordinator.swift in Sources */ = {isa = PBXBuildFile; fileRef = 3000CC841FCE088D009895D4 /* AppCoordinator.swift */; };
		300F69EE1FAF2AC9003A2BE9 /* JSONDecodable.swift in Sources */ = {isa = PBXBuildFile; fileRef = 300F69ED1FAF2AC9003A2BE9 /* JSONDecodable.swift */; };
		300F69F01FAF3491003A2BE9 /* Collection.swift in Sources */ = {isa = PBXBuildFile; fileRef = 300F69EF1FAF3491003A2BE9 /* Collection.swift */; };
		300F69F31FAF3938003A2BE9 /* PaginatedResponse.swift in Sources */ = {isa = PBXBuildFile; fileRef = 300F69F21FAF3938003A2BE9 /* PaginatedResponse.swift */; };
		300F69F51FAF3CD3003A2BE9 /* ApiConfiguration.swift in Sources */ = {isa = PBXBuildFile; fileRef = 300F69F41FAF3CD3003A2BE9 /* ApiConfiguration.swift */; };
		300F69F81FAF3DE9003A2BE9 /* ImageConfiguration.swift in Sources */ = {isa = PBXBuildFile; fileRef = 300F69F71FAF3DE9003A2BE9 /* ImageConfiguration.swift */; };
		300F69FB1FAF3F5C003A2BE9 /* String+JSONDecodable.swift in Sources */ = {isa = PBXBuildFile; fileRef = 300F69FA1FAF3F5C003A2BE9 /* String+JSONDecodable.swift */; };
		300F69FD1FAF6BC5003A2BE9 /* API.swift in Sources */ = {isa = PBXBuildFile; fileRef = 300F69FC1FAF6BC5003A2BE9 /* API.swift */; };
		300F6A001FAF8CD7003A2BE9 /* HTTPMethod.swift in Sources */ = {isa = PBXBuildFile; fileRef = 300F69FF1FAF8CD7003A2BE9 /* HTTPMethod.swift */; };
		300F6A021FAF8CEB003A2BE9 /* HTTPParameters.swift in Sources */ = {isa = PBXBuildFile; fileRef = 300F6A011FAF8CEB003A2BE9 /* HTTPParameters.swift */; };
		3046B5A91FA62E67008A9C8D /* AppDelegate.swift in Sources */ = {isa = PBXBuildFile; fileRef = 3046B5A81FA62E67008A9C8D /* AppDelegate.swift */; };
		3046B5AB1FA62E67008A9C8D /* ViewController.swift in Sources */ = {isa = PBXBuildFile; fileRef = 3046B5AA1FA62E67008A9C8D /* ViewController.swift */; };
		3046B5AE1FA62E67008A9C8D /* Main.storyboard in Resources */ = {isa = PBXBuildFile; fileRef = 3046B5AC1FA62E67008A9C8D /* Main.storyboard */; };
		3046B5B01FA62E67008A9C8D /* Assets.xcassets in Resources */ = {isa = PBXBuildFile; fileRef = 3046B5AF1FA62E67008A9C8D /* Assets.xcassets */; };
		3046B5B31FA62E67008A9C8D /* LaunchScreen.storyboard in Resources */ = {isa = PBXBuildFile; fileRef = 3046B5B11FA62E67008A9C8D /* LaunchScreen.storyboard */; };
		3046B5BC1FA630C6008A9C8D /* Movie.swift in Sources */ = {isa = PBXBuildFile; fileRef = 3046B5BB1FA630C6008A9C8D /* Movie.swift */; };
		306B07511FB72AAF0012E954 /* ApplicationConfiguration.swift in Sources */ = {isa = PBXBuildFile; fileRef = 306B07501FB72AAF0012E954 /* ApplicationConfiguration.swift */; };
		306B07531FB87AB80012E954 /* TestConfiguration.swift in Sources */ = {isa = PBXBuildFile; fileRef = 306B07521FB87AB80012E954 /* TestConfiguration.swift */; };
		306B07551FB87C5E0012E954 /* ConfigurationFlavor.swift in Sources */ = {isa = PBXBuildFile; fileRef = 306B07541FB87C5E0012E954 /* ConfigurationFlavor.swift */; };
		306B07581FB87CCA0012E954 /* Configuration.swift in Sources */ = {isa = PBXBuildFile; fileRef = 306B07571FB87CCA0012E954 /* Configuration.swift */; };
		306B075A1FB87E490012E954 /* ReleaseConfiguration.swift in Sources */ = {isa = PBXBuildFile; fileRef = 306B07591FB87E490012E954 /* ReleaseConfiguration.swift */; };
		306B075C1FB886AC0012E954 /* ApiConstants.swift in Sources */ = {isa = PBXBuildFile; fileRef = 306B075B1FB886AC0012E954 /* ApiConstants.swift */; };
		306B075F1FB8C4E50012E954 /* SplashViewController.swift in Sources */ = {isa = PBXBuildFile; fileRef = 306B075E1FB8C4E50012E954 /* SplashViewController.swift */; };
		306B07611FB8CA740012E954 /* Color.swift in Sources */ = {isa = PBXBuildFile; fileRef = 306B07601FB8CA740012E954 /* Color.swift */; };
		306B07631FB8CD1B0012E954 /* Dictionary+AdditionOperator.swift in Sources */ = {isa = PBXBuildFile; fileRef = 306B07621FB8CD1B0012E954 /* Dictionary+AdditionOperator.swift */; };
		306B07651FB8CDCE0012E954 /* Dictionary+Append.swift in Sources */ = {isa = PBXBuildFile; fileRef = 306B07641FB8CDCE0012E954 /* Dictionary+Append.swift */; };
		3091F9001FAB8D5D00E1CCD8 /* Genre.swift in Sources */ = {isa = PBXBuildFile; fileRef = 3091F8FF1FAB8D5D00E1CCD8 /* Genre.swift */; };
		3091F9021FAB8DCD00E1CCD8 /* ProductionCompany.swift in Sources */ = {isa = PBXBuildFile; fileRef = 3091F9011FAB8DCD00E1CCD8 /* ProductionCompany.swift */; };
		3091F9041FAB8DFE00E1CCD8 /* Country.swift in Sources */ = {isa = PBXBuildFile; fileRef = 3091F9031FAB8DFE00E1CCD8 /* Country.swift */; };
		3091F9071FAB8E5800E1CCD8 /* Language.swift in Sources */ = {isa = PBXBuildFile; fileRef = 3091F9061FAB8E5800E1CCD8 /* Language.swift */; };
		3091F90D1FAB944D00E1CCD8 /* JSON.swift in Sources */ = {isa = PBXBuildFile; fileRef = 3091F90C1FAB944D00E1CCD8 /* JSON.swift */; };
		F7ED1C3F29925561906619A6 /* Pods_MovieCorner.framework in Frameworks */ = {isa = PBXBuildFile; fileRef = 2370A83FF5EEAE1C0F4353B7 /* Pods_MovieCorner.framework */; };
/* End PBXBuildFile section */

/* Begin PBXFileReference section */
		2370A83FF5EEAE1C0F4353B7 /* Pods_MovieCorner.framework */ = {isa = PBXFileReference; explicitFileType = wrapper.framework; includeInIndex = 0; path = Pods_MovieCorner.framework; sourceTree = BUILT_PRODUCTS_DIR; };
		3000CC841FCE088D009895D4 /* AppCoordinator.swift */ = {isa = PBXFileReference; lastKnownFileType = sourcecode.swift; path = AppCoordinator.swift; sourceTree = "<group>"; };
		300F69ED1FAF2AC9003A2BE9 /* JSONDecodable.swift */ = {isa = PBXFileReference; lastKnownFileType = sourcecode.swift; path = JSONDecodable.swift; sourceTree = "<group>"; };
		300F69EF1FAF3491003A2BE9 /* Collection.swift */ = {isa = PBXFileReference; lastKnownFileType = sourcecode.swift; path = Collection.swift; sourceTree = "<group>"; };
		300F69F21FAF3938003A2BE9 /* PaginatedResponse.swift */ = {isa = PBXFileReference; lastKnownFileType = sourcecode.swift; path = PaginatedResponse.swift; sourceTree = "<group>"; };
		300F69F41FAF3CD3003A2BE9 /* ApiConfiguration.swift */ = {isa = PBXFileReference; lastKnownFileType = sourcecode.swift; path = ApiConfiguration.swift; sourceTree = "<group>"; };
		300F69F71FAF3DE9003A2BE9 /* ImageConfiguration.swift */ = {isa = PBXFileReference; lastKnownFileType = sourcecode.swift; path = ImageConfiguration.swift; sourceTree = "<group>"; };
		300F69FA1FAF3F5C003A2BE9 /* String+JSONDecodable.swift */ = {isa = PBXFileReference; lastKnownFileType = sourcecode.swift; path = "String+JSONDecodable.swift"; sourceTree = "<group>"; };
		300F69FC1FAF6BC5003A2BE9 /* API.swift */ = {isa = PBXFileReference; lastKnownFileType = sourcecode.swift; path = API.swift; sourceTree = "<group>"; };
		300F69FF1FAF8CD7003A2BE9 /* HTTPMethod.swift */ = {isa = PBXFileReference; lastKnownFileType = sourcecode.swift; path = HTTPMethod.swift; sourceTree = "<group>"; };
		300F6A011FAF8CEB003A2BE9 /* HTTPParameters.swift */ = {isa = PBXFileReference; lastKnownFileType = sourcecode.swift; path = HTTPParameters.swift; sourceTree = "<group>"; };
		3046B5A51FA62E67008A9C8D /* MovieCorner.app */ = {isa = PBXFileReference; explicitFileType = wrapper.application; includeInIndex = 0; path = MovieCorner.app; sourceTree = BUILT_PRODUCTS_DIR; };
		3046B5A81FA62E67008A9C8D /* AppDelegate.swift */ = {isa = PBXFileReference; lastKnownFileType = sourcecode.swift; path = AppDelegate.swift; sourceTree = "<group>"; };
		3046B5AA1FA62E67008A9C8D /* ViewController.swift */ = {isa = PBXFileReference; lastKnownFileType = sourcecode.swift; path = ViewController.swift; sourceTree = "<group>"; };
		3046B5AD1FA62E67008A9C8D /* Base */ = {isa = PBXFileReference; lastKnownFileType = file.storyboard; name = Base; path = Base.lproj/Main.storyboard; sourceTree = "<group>"; };
		3046B5AF1FA62E67008A9C8D /* Assets.xcassets */ = {isa = PBXFileReference; lastKnownFileType = folder.assetcatalog; path = Assets.xcassets; sourceTree = "<group>"; };
		3046B5B21FA62E67008A9C8D /* Base */ = {isa = PBXFileReference; lastKnownFileType = file.storyboard; name = Base; path = Base.lproj/LaunchScreen.storyboard; sourceTree = "<group>"; };
		3046B5B41FA62E67008A9C8D /* Info.plist */ = {isa = PBXFileReference; lastKnownFileType = text.plist.xml; path = Info.plist; sourceTree = "<group>"; };
		3046B5BB1FA630C6008A9C8D /* Movie.swift */ = {isa = PBXFileReference; lastKnownFileType = sourcecode.swift; path = Movie.swift; sourceTree = "<group>"; };
		306B07501FB72AAF0012E954 /* ApplicationConfiguration.swift */ = {isa = PBXFileReference; lastKnownFileType = sourcecode.swift; path = ApplicationConfiguration.swift; sourceTree = "<group>"; };
		306B07521FB87AB80012E954 /* TestConfiguration.swift */ = {isa = PBXFileReference; lastKnownFileType = sourcecode.swift; path = TestConfiguration.swift; sourceTree = "<group>"; };
		306B07541FB87C5E0012E954 /* ConfigurationFlavor.swift */ = {isa = PBXFileReference; lastKnownFileType = sourcecode.swift; path = ConfigurationFlavor.swift; sourceTree = "<group>"; };
		306B07571FB87CCA0012E954 /* Configuration.swift */ = {isa = PBXFileReference; lastKnownFileType = sourcecode.swift; path = Configuration.swift; sourceTree = "<group>"; };
		306B07591FB87E490012E954 /* ReleaseConfiguration.swift */ = {isa = PBXFileReference; lastKnownFileType = sourcecode.swift; path = ReleaseConfiguration.swift; sourceTree = "<group>"; };
		306B075B1FB886AC0012E954 /* ApiConstants.swift */ = {isa = PBXFileReference; lastKnownFileType = sourcecode.swift; path = ApiConstants.swift; sourceTree = "<group>"; };
		306B075E1FB8C4E50012E954 /* SplashViewController.swift */ = {isa = PBXFileReference; lastKnownFileType = sourcecode.swift; path = SplashViewController.swift; sourceTree = "<group>"; };
		306B07601FB8CA740012E954 /* Color.swift */ = {isa = PBXFileReference; lastKnownFileType = sourcecode.swift; path = Color.swift; sourceTree = "<group>"; };
		306B07621FB8CD1B0012E954 /* Dictionary+AdditionOperator.swift */ = {isa = PBXFileReference; lastKnownFileType = sourcecode.swift; path = "Dictionary+AdditionOperator.swift"; sourceTree = "<group>"; };
		306B07641FB8CDCE0012E954 /* Dictionary+Append.swift */ = {isa = PBXFileReference; lastKnownFileType = sourcecode.swift; path = "Dictionary+Append.swift"; sourceTree = "<group>"; };
		3091F8FF1FAB8D5D00E1CCD8 /* Genre.swift */ = {isa = PBXFileReference; lastKnownFileType = sourcecode.swift; path = Genre.swift; sourceTree = "<group>"; };
		3091F9011FAB8DCD00E1CCD8 /* ProductionCompany.swift */ = {isa = PBXFileReference; lastKnownFileType = sourcecode.swift; path = ProductionCompany.swift; sourceTree = "<group>"; };
		3091F9031FAB8DFE00E1CCD8 /* Country.swift */ = {isa = PBXFileReference; lastKnownFileType = sourcecode.swift; path = Country.swift; sourceTree = "<group>"; };
		3091F9061FAB8E5800E1CCD8 /* Language.swift */ = {isa = PBXFileReference; lastKnownFileType = sourcecode.swift; path = Language.swift; sourceTree = "<group>"; };
		3091F90C1FAB944D00E1CCD8 /* JSON.swift */ = {isa = PBXFileReference; lastKnownFileType = sourcecode.swift; path = JSON.swift; sourceTree = "<group>"; };
		3091F90F1FAD098200E1CCD8 /* SwiftyJSON.framework */ = {isa = PBXFileReference; explicitFileType = wrapper.framework; path = SwiftyJSON.framework; sourceTree = BUILT_PRODUCTS_DIR; };
		39FEF692832350A22DECD4D1 /* Pods-MovieCorner.beta.xcconfig */ = {isa = PBXFileReference; includeInIndex = 1; lastKnownFileType = text.xcconfig; name = "Pods-MovieCorner.beta.xcconfig"; path = "Pods/Target Support Files/Pods-MovieCorner/Pods-MovieCorner.beta.xcconfig"; sourceTree = "<group>"; };
		46F2E9A5722C315327C9FB4D /* Pods-MovieCorner.release.xcconfig */ = {isa = PBXFileReference; includeInIndex = 1; lastKnownFileType = text.xcconfig; name = "Pods-MovieCorner.release.xcconfig"; path = "Pods/Target Support Files/Pods-MovieCorner/Pods-MovieCorner.release.xcconfig"; sourceTree = "<group>"; };
		C6A6B4C91AD2D9370A33B559 /* Pods-MovieCorner.test.xcconfig */ = {isa = PBXFileReference; includeInIndex = 1; lastKnownFileType = text.xcconfig; name = "Pods-MovieCorner.test.xcconfig"; path = "Pods/Target Support Files/Pods-MovieCorner/Pods-MovieCorner.test.xcconfig"; sourceTree = "<group>"; };
		CC83D2CE76B810B019919A88 /* Pods-MovieCorner.debug.xcconfig */ = {isa = PBXFileReference; includeInIndex = 1; lastKnownFileType = text.xcconfig; name = "Pods-MovieCorner.debug.xcconfig"; path = "Pods/Target Support Files/Pods-MovieCorner/Pods-MovieCorner.debug.xcconfig"; sourceTree = "<group>"; };
/* End PBXFileReference section */

/* Begin PBXFrameworksBuildPhase section */
		3046B5A21FA62E67008A9C8D /* Frameworks */ = {
			isa = PBXFrameworksBuildPhase;
			buildActionMask = 2147483647;
			files = (
				F7ED1C3F29925561906619A6 /* Pods_MovieCorner.framework in Frameworks */,
			);
			runOnlyForDeploymentPostprocessing = 0;
		};
/* End PBXFrameworksBuildPhase section */

/* Begin PBXGroup section */
		1171F0684E9EC1885BC8F876 /* Pods */ = {
			isa = PBXGroup;
			children = (
				CC83D2CE76B810B019919A88 /* Pods-MovieCorner.debug.xcconfig */,
				46F2E9A5722C315327C9FB4D /* Pods-MovieCorner.release.xcconfig */,
				39FEF692832350A22DECD4D1 /* Pods-MovieCorner.beta.xcconfig */,
				C6A6B4C91AD2D9370A33B559 /* Pods-MovieCorner.test.xcconfig */,
			);
			name = Pods;
			sourceTree = "<group>";
		};
		3000CC831FCE085A009895D4 /* Launch */ = {
			isa = PBXGroup;
			children = (
				3046B5B11FA62E67008A9C8D /* LaunchScreen.storyboard */,
				306B075E1FB8C4E50012E954 /* SplashViewController.swift */,
			);
			path = Launch;
			sourceTree = "<group>";
		};
		300F69F11FAF3926003A2BE9 /* Models */ = {
			isa = PBXGroup;
			children = (
				306B074F1FB72A9C0012E954 /* Configuration */,
				306B07601FB8CA740012E954 /* Color.swift */,
			);
			path = Models;
			sourceTree = "<group>";
		};
		300F69F61FAF3DB6003A2BE9 /* ApiConfiguration */ = {
			isa = PBXGroup;
			children = (
				300F69F41FAF3CD3003A2BE9 /* ApiConfiguration.swift */,
				300F69F71FAF3DE9003A2BE9 /* ImageConfiguration.swift */,
			);
			path = ApiConfiguration;
			sourceTree = "<group>";
		};
		300F69F91FAF3F4C003A2BE9 /* Extensions */ = {
			isa = PBXGroup;
			children = (
				300F69FA1FAF3F5C003A2BE9 /* String+JSONDecodable.swift */,
				306B07621FB8CD1B0012E954 /* Dictionary+AdditionOperator.swift */,
				306B07641FB8CDCE0012E954 /* Dictionary+Append.swift */,
			);
			path = Extensions;
			sourceTree = "<group>";
		};
		300F69FE1FAF8CC3003A2BE9 /* HTTP */ = {
			isa = PBXGroup;
			children = (
				300F69FF1FAF8CD7003A2BE9 /* HTTPMethod.swift */,
				300F6A011FAF8CEB003A2BE9 /* HTTPParameters.swift */,
			);
			path = HTTP;
			sourceTree = "<group>";
		};
		3046B59C1FA62E67008A9C8D = {
			isa = PBXGroup;
			children = (
				3046B5A71FA62E67008A9C8D /* MovieCorner */,
				3046B5A61FA62E67008A9C8D /* Products */,
				1171F0684E9EC1885BC8F876 /* Pods */,
				C6D5F41EB785928DB2B5028C /* Frameworks */,
			);
			sourceTree = "<group>";
		};
		3046B5A61FA62E67008A9C8D /* Products */ = {
			isa = PBXGroup;
			children = (
				3046B5A51FA62E67008A9C8D /* MovieCorner.app */,
			);
			name = Products;
			sourceTree = "<group>";
		};
		3046B5A71FA62E67008A9C8D /* MovieCorner */ = {
			isa = PBXGroup;
			children = (
				306B075D1FB8C4D00012E954 /* App */,
				300F69F91FAF3F4C003A2BE9 /* Extensions */,
				300F69F11FAF3926003A2BE9 /* Models */,
				3091F90A1FAB943600E1CCD8 /* Networking */,
				3046B5BA1FA630AC008A9C8D /* DomainModels */,
				3046B5A81FA62E67008A9C8D /* AppDelegate.swift */,
				3046B5AA1FA62E67008A9C8D /* ViewController.swift */,
				3046B5AC1FA62E67008A9C8D /* Main.storyboard */,
				3046B5AF1FA62E67008A9C8D /* Assets.xcassets */,
				3046B5B41FA62E67008A9C8D /* Info.plist */,
			);
			path = MovieCorner;
			sourceTree = "<group>";
		};
		3046B5BA1FA630AC008A9C8D /* DomainModels */ = {
			isa = PBXGroup;
			children = (
				300F69F21FAF3938003A2BE9 /* PaginatedResponse.swift */,
				300F69F61FAF3DB6003A2BE9 /* ApiConfiguration */,
				3046B5BB1FA630C6008A9C8D /* Movie.swift */,
				3091F8FF1FAB8D5D00E1CCD8 /* Genre.swift */,
				3091F9011FAB8DCD00E1CCD8 /* ProductionCompany.swift */,
				3091F9031FAB8DFE00E1CCD8 /* Country.swift */,
				3091F9061FAB8E5800E1CCD8 /* Language.swift */,
				300F69EF1FAF3491003A2BE9 /* Collection.swift */,
			);
			path = DomainModels;
			sourceTree = "<group>";
		};
		306B074F1FB72A9C0012E954 /* Configuration */ = {
			isa = PBXGroup;
			children = (
				306B07501FB72AAF0012E954 /* ApplicationConfiguration.swift */,
				306B07521FB87AB80012E954 /* TestConfiguration.swift */,
				306B07541FB87C5E0012E954 /* ConfigurationFlavor.swift */,
				306B07571FB87CCA0012E954 /* Configuration.swift */,
				306B07591FB87E490012E954 /* ReleaseConfiguration.swift */,
				306B075B1FB886AC0012E954 /* ApiConstants.swift */,
			);
			path = Configuration;
			sourceTree = "<group>";
		};
		306B075D1FB8C4D00012E954 /* App */ = {
			isa = PBXGroup;
			children = (
				3000CC831FCE085A009895D4 /* Launch */,
				3000CC841FCE088D009895D4 /* AppCoordinator.swift */,
			);
			path = App;
			sourceTree = "<group>";
		};
		3091F90A1FAB943600E1CCD8 /* Networking */ = {
			isa = PBXGroup;
			children = (
				300F69FE1FAF8CC3003A2BE9 /* HTTP */,
				3091F90B1FAB943C00E1CCD8 /* JSON */,
				300F69FC1FAF6BC5003A2BE9 /* API.swift */,
			);
			path = Networking;
			sourceTree = "<group>";
		};
		3091F90B1FAB943C00E1CCD8 /* JSON */ = {
			isa = PBXGroup;
			children = (
				3091F90C1FAB944D00E1CCD8 /* JSON.swift */,
				300F69ED1FAF2AC9003A2BE9 /* JSONDecodable.swift */,
			);
			path = JSON;
			sourceTree = "<group>";
		};
		C6D5F41EB785928DB2B5028C /* Frameworks */ = {
			isa = PBXGroup;
			children = (
				3091F90F1FAD098200E1CCD8 /* SwiftyJSON.framework */,
				2370A83FF5EEAE1C0F4353B7 /* Pods_MovieCorner.framework */,
			);
			name = Frameworks;
			sourceTree = "<group>";
		};
/* End PBXGroup section */

/* Begin PBXNativeTarget section */
		3046B5A41FA62E67008A9C8D /* MovieCorner */ = {
			isa = PBXNativeTarget;
			buildConfigurationList = 3046B5B71FA62E67008A9C8D /* Build configuration list for PBXNativeTarget "MovieCorner" */;
			buildPhases = (
				A7905245C3C15EB9CBE07E1D /* [CP] Check Pods Manifest.lock */,
				3046B5A11FA62E67008A9C8D /* Sources */,
				3046B5A21FA62E67008A9C8D /* Frameworks */,
				3046B5A31FA62E67008A9C8D /* Resources */,
				3E311209E5B6337A516F97D4 /* [CP] Embed Pods Frameworks */,
				BBC2D893D9E32E130414ACD8 /* [CP] Copy Pods Resources */,
			);
			buildRules = (
			);
			dependencies = (
			);
			name = MovieCorner;
			productName = MovieCorner;
			productReference = 3046B5A51FA62E67008A9C8D /* MovieCorner.app */;
			productType = "com.apple.product-type.application";
		};
/* End PBXNativeTarget section */

/* Begin PBXProject section */
		3046B59D1FA62E67008A9C8D /* Project object */ = {
			isa = PBXProject;
			attributes = {
				LastSwiftUpdateCheck = 0900;
				LastUpgradeCheck = 0900;
				ORGANIZATIONNAME = Slick;
				TargetAttributes = {
					3046B5A41FA62E67008A9C8D = {
						CreatedOnToolsVersion = 9.0;
						ProvisioningStyle = Automatic;
					};
				};
			};
			buildConfigurationList = 3046B5A01FA62E67008A9C8D /* Build configuration list for PBXProject "MovieCorner" */;
			compatibilityVersion = "Xcode 8.0";
			developmentRegion = en;
			hasScannedForEncodings = 0;
			knownRegions = (
				en,
				Base,
			);
			mainGroup = 3046B59C1FA62E67008A9C8D;
			productRefGroup = 3046B5A61FA62E67008A9C8D /* Products */;
			projectDirPath = "";
			projectRoot = "";
			targets = (
				3046B5A41FA62E67008A9C8D /* MovieCorner */,
			);
		};
/* End PBXProject section */

/* Begin PBXResourcesBuildPhase section */
		3046B5A31FA62E67008A9C8D /* Resources */ = {
			isa = PBXResourcesBuildPhase;
			buildActionMask = 2147483647;
			files = (
				3046B5B31FA62E67008A9C8D /* LaunchScreen.storyboard in Resources */,
				3046B5B01FA62E67008A9C8D /* Assets.xcassets in Resources */,
				3046B5AE1FA62E67008A9C8D /* Main.storyboard in Resources */,
			);
			runOnlyForDeploymentPostprocessing = 0;
		};
/* End PBXResourcesBuildPhase section */

/* Begin PBXShellScriptBuildPhase section */
		3E311209E5B6337A516F97D4 /* [CP] Embed Pods Frameworks */ = {
			isa = PBXShellScriptBuildPhase;
			buildActionMask = 2147483647;
			files = (
			);
			inputPaths = (
			);
			name = "[CP] Embed Pods Frameworks";
			outputPaths = (
			);
			runOnlyForDeploymentPostprocessing = 0;
			shellPath = /bin/sh;
			shellScript = "\"${SRCROOT}/Pods/Target Support Files/Pods-MovieCorner/Pods-MovieCorner-frameworks.sh\"\n";
			showEnvVarsInLog = 0;
		};
		A7905245C3C15EB9CBE07E1D /* [CP] Check Pods Manifest.lock */ = {
			isa = PBXShellScriptBuildPhase;
			buildActionMask = 2147483647;
			files = (
			);
			inputPaths = (
			);
			name = "[CP] Check Pods Manifest.lock";
			outputPaths = (
			);
			runOnlyForDeploymentPostprocessing = 0;
			shellPath = /bin/sh;
			shellScript = "diff \"${PODS_PODFILE_DIR_PATH}/Podfile.lock\" \"${PODS_ROOT}/Manifest.lock\" > /dev/null\nif [ $? != 0 ] ; then\n    # print error to STDERR\n    echo \"error: The sandbox is not in sync with the Podfile.lock. Run 'pod install' or update your CocoaPods installation.\" >&2\n    exit 1\nfi\n";
			showEnvVarsInLog = 0;
		};
		BBC2D893D9E32E130414ACD8 /* [CP] Copy Pods Resources */ = {
			isa = PBXShellScriptBuildPhase;
			buildActionMask = 2147483647;
			files = (
			);
			inputPaths = (
			);
			name = "[CP] Copy Pods Resources";
			outputPaths = (
			);
			runOnlyForDeploymentPostprocessing = 0;
			shellPath = /bin/sh;
			shellScript = "\"${SRCROOT}/Pods/Target Support Files/Pods-MovieCorner/Pods-MovieCorner-resources.sh\"\n";
			showEnvVarsInLog = 0;
		};
/* End PBXShellScriptBuildPhase section */

/* Begin PBXSourcesBuildPhase section */
		3046B5A11FA62E67008A9C8D /* Sources */ = {
			isa = PBXSourcesBuildPhase;
			buildActionMask = 2147483647;
			files = (
				300F69F31FAF3938003A2BE9 /* PaginatedResponse.swift in Sources */,
				3046B5AB1FA62E67008A9C8D /* ViewController.swift in Sources */,
				306B07551FB87C5E0012E954 /* ConfigurationFlavor.swift in Sources */,
				300F69FB1FAF3F5C003A2BE9 /* String+JSONDecodable.swift in Sources */,
				300F69F01FAF3491003A2BE9 /* Collection.swift in Sources */,
				300F69FD1FAF6BC5003A2BE9 /* API.swift in Sources */,
				3046B5A91FA62E67008A9C8D /* AppDelegate.swift in Sources */,
				3046B5BC1FA630C6008A9C8D /* Movie.swift in Sources */,
				3091F9071FAB8E5800E1CCD8 /* Language.swift in Sources */,
				306B07581FB87CCA0012E954 /* Configuration.swift in Sources */,
				306B075A1FB87E490012E954 /* ReleaseConfiguration.swift in Sources */,
				300F69F81FAF3DE9003A2BE9 /* ImageConfiguration.swift in Sources */,
				306B07511FB72AAF0012E954 /* ApplicationConfiguration.swift in Sources */,
				306B07651FB8CDCE0012E954 /* Dictionary+Append.swift in Sources */,
				306B07531FB87AB80012E954 /* TestConfiguration.swift in Sources */,
				300F69F51FAF3CD3003A2BE9 /* ApiConfiguration.swift in Sources */,
				306B075F1FB8C4E50012E954 /* SplashViewController.swift in Sources */,
				306B075C1FB886AC0012E954 /* ApiConstants.swift in Sources */,
				300F6A021FAF8CEB003A2BE9 /* HTTPParameters.swift in Sources */,
				306B07611FB8CA740012E954 /* Color.swift in Sources */,
				3000CC851FCE088D009895D4 /* AppCoordinator.swift in Sources */,
				3091F9021FAB8DCD00E1CCD8 /* ProductionCompany.swift in Sources */,
				3091F9041FAB8DFE00E1CCD8 /* Country.swift in Sources */,
				306B07631FB8CD1B0012E954 /* Dictionary+AdditionOperator.swift in Sources */,
				300F6A001FAF8CD7003A2BE9 /* HTTPMethod.swift in Sources */,
				3091F9001FAB8D5D00E1CCD8 /* Genre.swift in Sources */,
				3091F90D1FAB944D00E1CCD8 /* JSON.swift in Sources */,
				300F69EE1FAF2AC9003A2BE9 /* JSONDecodable.swift in Sources */,
			);
			runOnlyForDeploymentPostprocessing = 0;
		};
/* End PBXSourcesBuildPhase section */

/* Begin PBXVariantGroup section */
		3046B5AC1FA62E67008A9C8D /* Main.storyboard */ = {
			isa = PBXVariantGroup;
			children = (
				3046B5AD1FA62E67008A9C8D /* Base */,
			);
			name = Main.storyboard;
			sourceTree = "<group>";
		};
		3046B5B11FA62E67008A9C8D /* LaunchScreen.storyboard */ = {
			isa = PBXVariantGroup;
			children = (
				3046B5B21FA62E67008A9C8D /* Base */,
			);
			name = LaunchScreen.storyboard;
			sourceTree = "<group>";
		};
/* End PBXVariantGroup section */

/* Begin XCBuildConfiguration section */
		3046B5B61FA62E67008A9C8D /* Release */ = {
			isa = XCBuildConfiguration;
			buildSettings = {
				ALWAYS_SEARCH_USER_PATHS = NO;
				CLANG_ANALYZER_NONNULL = YES;
				CLANG_ANALYZER_NUMBER_OBJECT_CONVERSION = YES_AGGRESSIVE;
				CLANG_CXX_LANGUAGE_STANDARD = "gnu++14";
				CLANG_CXX_LIBRARY = "libc++";
				CLANG_ENABLE_MODULES = YES;
				CLANG_ENABLE_OBJC_ARC = YES;
				CLANG_WARN_BLOCK_CAPTURE_AUTORELEASING = YES;
				CLANG_WARN_BOOL_CONVERSION = YES;
				CLANG_WARN_COMMA = YES;
				CLANG_WARN_CONSTANT_CONVERSION = YES;
				CLANG_WARN_DIRECT_OBJC_ISA_USAGE = YES_ERROR;
				CLANG_WARN_DOCUMENTATION_COMMENTS = YES;
				CLANG_WARN_EMPTY_BODY = YES;
				CLANG_WARN_ENUM_CONVERSION = YES;
				CLANG_WARN_INFINITE_RECURSION = YES;
				CLANG_WARN_INT_CONVERSION = YES;
				CLANG_WARN_NON_LITERAL_NULL_CONVERSION = YES;
				CLANG_WARN_OBJC_LITERAL_CONVERSION = YES;
				CLANG_WARN_OBJC_ROOT_CLASS = YES_ERROR;
				CLANG_WARN_RANGE_LOOP_ANALYSIS = YES;
				CLANG_WARN_STRICT_PROTOTYPES = YES;
				CLANG_WARN_SUSPICIOUS_MOVE = YES;
				CLANG_WARN_UNGUARDED_AVAILABILITY = YES_AGGRESSIVE;
				CLANG_WARN_UNREACHABLE_CODE = YES;
				CLANG_WARN__DUPLICATE_METHOD_MATCH = YES;
				CODE_SIGN_IDENTITY = "iPhone Developer";
				COPY_PHASE_STRIP = NO;
				DEBUG_INFORMATION_FORMAT = "dwarf-with-dsym";
				ENABLE_NS_ASSERTIONS = NO;
				ENABLE_STRICT_OBJC_MSGSEND = YES;
				GCC_C_LANGUAGE_STANDARD = gnu11;
				GCC_NO_COMMON_BLOCKS = YES;
				GCC_WARN_64_TO_32_BIT_CONVERSION = YES;
				GCC_WARN_ABOUT_RETURN_TYPE = YES_ERROR;
				GCC_WARN_UNDECLARED_SELECTOR = YES;
				GCC_WARN_UNINITIALIZED_AUTOS = YES_AGGRESSIVE;
				GCC_WARN_UNUSED_FUNCTION = YES;
				GCC_WARN_UNUSED_VARIABLE = YES;
				IPHONEOS_DEPLOYMENT_TARGET = 11.0;
				MTL_ENABLE_DEBUG_INFO = NO;
				ONLY_ACTIVE_ARCH = NO;
				SDKROOT = iphoneos;
				SWIFT_OPTIMIZATION_LEVEL = "-Owholemodule";
				SWIFT_VERSION = 4;
				VALIDATE_PRODUCT = YES;
			};
			name = Release;
		};
		3046B5B91FA62E67008A9C8D /* Release */ = {
			isa = XCBuildConfiguration;
			baseConfigurationReference = 46F2E9A5722C315327C9FB4D /* Pods-MovieCorner.release.xcconfig */;
			buildSettings = {
				ASSETCATALOG_COMPILER_APPICON_NAME = AppIcon;
				CODE_SIGN_STYLE = Automatic;
				INFOPLIST_FILE = MovieCorner/Info.plist;
				LD_RUNPATH_SEARCH_PATHS = "$(inherited) @executable_path/Frameworks";
				ONLY_ACTIVE_ARCH = NO;
				PRODUCT_BUNDLE_IDENTIFIER = com.simicaleksandar.MovieCorner;
				PRODUCT_NAME = "$(TARGET_NAME)";
				SWIFT_OPTIMIZATION_LEVEL = "-Owholemodule";
				SWIFT_VERSION = 4;
				TARGETED_DEVICE_FAMILY = "1,2";
			};
			name = Release;
		};
		306B074B1FB7278C0012E954 /* Beta */ = {
			isa = XCBuildConfiguration;
			buildSettings = {
				ALWAYS_SEARCH_USER_PATHS = NO;
				CLANG_ANALYZER_NONNULL = YES;
				CLANG_ANALYZER_NUMBER_OBJECT_CONVERSION = YES_AGGRESSIVE;
				CLANG_CXX_LANGUAGE_STANDARD = "gnu++14";
				CLANG_CXX_LIBRARY = "libc++";
				CLANG_ENABLE_MODULES = YES;
				CLANG_ENABLE_OBJC_ARC = YES;
				CLANG_WARN_BLOCK_CAPTURE_AUTORELEASING = YES;
				CLANG_WARN_BOOL_CONVERSION = YES;
				CLANG_WARN_COMMA = YES;
				CLANG_WARN_CONSTANT_CONVERSION = YES;
				CLANG_WARN_DIRECT_OBJC_ISA_USAGE = YES_ERROR;
				CLANG_WARN_DOCUMENTATION_COMMENTS = YES;
				CLANG_WARN_EMPTY_BODY = YES;
				CLANG_WARN_ENUM_CONVERSION = YES;
				CLANG_WARN_INFINITE_RECURSION = YES;
				CLANG_WARN_INT_CONVERSION = YES;
				CLANG_WARN_NON_LITERAL_NULL_CONVERSION = YES;
				CLANG_WARN_OBJC_LITERAL_CONVERSION = YES;
				CLANG_WARN_OBJC_ROOT_CLASS = YES_ERROR;
				CLANG_WARN_RANGE_LOOP_ANALYSIS = YES;
				CLANG_WARN_STRICT_PROTOTYPES = YES;
				CLANG_WARN_SUSPICIOUS_MOVE = YES;
				CLANG_WARN_UNGUARDED_AVAILABILITY = YES_AGGRESSIVE;
				CLANG_WARN_UNREACHABLE_CODE = YES;
				CLANG_WARN__DUPLICATE_METHOD_MATCH = YES;
				CODE_SIGN_IDENTITY = "iPhone Developer";
				COPY_PHASE_STRIP = NO;
				DEBUG_INFORMATION_FORMAT = dwarf;
				ENABLE_STRICT_OBJC_MSGSEND = YES;
				ENABLE_TESTABILITY = YES;
				GCC_C_LANGUAGE_STANDARD = gnu11;
				GCC_DYNAMIC_NO_PIC = NO;
				GCC_NO_COMMON_BLOCKS = YES;
				GCC_OPTIMIZATION_LEVEL = 0;
				GCC_PREPROCESSOR_DEFINITIONS = (
					"DEBUG=1",
					"$(inherited)",
				);
				GCC_WARN_64_TO_32_BIT_CONVERSION = YES;
				GCC_WARN_ABOUT_RETURN_TYPE = YES_ERROR;
				GCC_WARN_UNDECLARED_SELECTOR = YES;
				GCC_WARN_UNINITIALIZED_AUTOS = YES_AGGRESSIVE;
				GCC_WARN_UNUSED_FUNCTION = YES;
				GCC_WARN_UNUSED_VARIABLE = YES;
				IPHONEOS_DEPLOYMENT_TARGET = 11.0;
				MTL_ENABLE_DEBUG_INFO = YES;
				ONLY_ACTIVE_ARCH = YES;
				SDKROOT = iphoneos;
				SWIFT_ACTIVE_COMPILATION_CONDITIONS = DEBUG;
				SWIFT_OPTIMIZATION_LEVEL = "-Onone";
				SWIFT_VERSION = 4;
				SWIFT_WHOLE_MODULE_OPTIMIZATION = YES;
			};
			name = Beta;
		};
		306B074C1FB7278C0012E954 /* Beta */ = {
			isa = XCBuildConfiguration;
			baseConfigurationReference = 39FEF692832350A22DECD4D1 /* Pods-MovieCorner.beta.xcconfig */;
			buildSettings = {
				ASSETCATALOG_COMPILER_APPICON_NAME = AppIcon;
				CODE_SIGN_STYLE = Automatic;
				INFOPLIST_FILE = MovieCorner/Info.plist;
				LD_RUNPATH_SEARCH_PATHS = "$(inherited) @executable_path/Frameworks";
				ONLY_ACTIVE_ARCH = YES;
				PRODUCT_BUNDLE_IDENTIFIER = com.simicaleksandar.MovieCorner;
				PRODUCT_NAME = "$(TARGET_NAME)";
				SWIFT_OPTIMIZATION_LEVEL = "-Onone";
				SWIFT_VERSION = 4;
				SWIFT_WHOLE_MODULE_OPTIMIZATION = YES;
				TARGETED_DEVICE_FAMILY = "1,2";
			};
			name = Beta;
		};
		306B074D1FB72A110012E954 /* Test */ = {
			isa = XCBuildConfiguration;
			buildSettings = {
				ALWAYS_SEARCH_USER_PATHS = NO;
				CLANG_ANALYZER_NONNULL = YES;
				CLANG_ANALYZER_NUMBER_OBJECT_CONVERSION = YES_AGGRESSIVE;
				CLANG_CXX_LANGUAGE_STANDARD = "gnu++14";
				CLANG_CXX_LIBRARY = "libc++";
				CLANG_ENABLE_MODULES = YES;
				CLANG_ENABLE_OBJC_ARC = YES;
				CLANG_WARN_BLOCK_CAPTURE_AUTORELEASING = YES;
				CLANG_WARN_BOOL_CONVERSION = YES;
				CLANG_WARN_COMMA = YES;
				CLANG_WARN_CONSTANT_CONVERSION = YES;
				CLANG_WARN_DIRECT_OBJC_ISA_USAGE = YES_ERROR;
				CLANG_WARN_DOCUMENTATION_COMMENTS = YES;
				CLANG_WARN_EMPTY_BODY = YES;
				CLANG_WARN_ENUM_CONVERSION = YES;
				CLANG_WARN_INFINITE_RECURSION = YES;
				CLANG_WARN_INT_CONVERSION = YES;
				CLANG_WARN_NON_LITERAL_NULL_CONVERSION = YES;
				CLANG_WARN_OBJC_LITERAL_CONVERSION = YES;
				CLANG_WARN_OBJC_ROOT_CLASS = YES_ERROR;
				CLANG_WARN_RANGE_LOOP_ANALYSIS = YES;
				CLANG_WARN_STRICT_PROTOTYPES = YES;
				CLANG_WARN_SUSPICIOUS_MOVE = YES;
				CLANG_WARN_UNGUARDED_AVAILABILITY = YES_AGGRESSIVE;
				CLANG_WARN_UNREACHABLE_CODE = YES;
				CLANG_WARN__DUPLICATE_METHOD_MATCH = YES;
				CODE_SIGN_IDENTITY = "iPhone Developer";
				COPY_PHASE_STRIP = NO;
				DEBUG_INFORMATION_FORMAT = dwarf;
				ENABLE_STRICT_OBJC_MSGSEND = YES;
				ENABLE_TESTABILITY = YES;
				GCC_C_LANGUAGE_STANDARD = gnu11;
				GCC_DYNAMIC_NO_PIC = NO;
				GCC_NO_COMMON_BLOCKS = YES;
				GCC_OPTIMIZATION_LEVEL = 0;
				GCC_PREPROCESSOR_DEFINITIONS = (
					"DEBUG=1",
					"$(inherited)",
				);
				GCC_WARN_64_TO_32_BIT_CONVERSION = YES;
				GCC_WARN_ABOUT_RETURN_TYPE = YES_ERROR;
				GCC_WARN_UNDECLARED_SELECTOR = YES;
				GCC_WARN_UNINITIALIZED_AUTOS = YES_AGGRESSIVE;
				GCC_WARN_UNUSED_FUNCTION = YES;
				GCC_WARN_UNUSED_VARIABLE = YES;
				IPHONEOS_DEPLOYMENT_TARGET = 11.0;
				MTL_ENABLE_DEBUG_INFO = YES;
				ONLY_ACTIVE_ARCH = YES;
				SDKROOT = iphoneos;
				SWIFT_ACTIVE_COMPILATION_CONDITIONS = DEBUG;
				SWIFT_OPTIMIZATION_LEVEL = "-Onone";
				SWIFT_VERSION = 4;
				SWIFT_WHOLE_MODULE_OPTIMIZATION = YES;
			};
			name = Test;
		};
		306B074E1FB72A110012E954 /* Test */ = {
			isa = XCBuildConfiguration;
			baseConfigurationReference = C6A6B4C91AD2D9370A33B559 /* Pods-MovieCorner.test.xcconfig */;
			buildSettings = {
				ASSETCATALOG_COMPILER_APPICON_NAME = AppIcon;
				CODE_SIGN_STYLE = Automatic;
				INFOPLIST_FILE = MovieCorner/Info.plist;
				LD_RUNPATH_SEARCH_PATHS = "$(inherited) @executable_path/Frameworks";
				ONLY_ACTIVE_ARCH = YES;
				PRODUCT_BUNDLE_IDENTIFIER = com.simicaleksandar.MovieCorner;
				PRODUCT_NAME = "$(TARGET_NAME)";
				SWIFT_OPTIMIZATION_LEVEL = "-Onone";
				SWIFT_VERSION = 4;
				SWIFT_WHOLE_MODULE_OPTIMIZATION = YES;
				TARGETED_DEVICE_FAMILY = "1,2";
			};
			name = Test;
		};
/* End XCBuildConfiguration section */

/* Begin XCConfigurationList section */
		3046B5A01FA62E67008A9C8D /* Build configuration list for PBXProject "MovieCorner" */ = {
			isa = XCConfigurationList;
			buildConfigurations = (
				306B074B1FB7278C0012E954 /* Beta */,
				306B074D1FB72A110012E954 /* Test */,
				3046B5B61FA62E67008A9C8D /* Release */,
			);
			defaultConfigurationIsVisible = 0;
			defaultConfigurationName = Release;
		};
		3046B5B71FA62E67008A9C8D /* Build configuration list for PBXNativeTarget "MovieCorner" */ = {
			isa = XCConfigurationList;
			buildConfigurations = (
				306B074C1FB7278C0012E954 /* Beta */,
				306B074E1FB72A110012E954 /* Test */,
				3046B5B91FA62E67008A9C8D /* Release */,
			);
			defaultConfigurationIsVisible = 0;
			defaultConfigurationName = Release;
		};
/* End XCConfigurationList section */
	};
	rootObject = 3046B59D1FA62E67008A9C8D /* Project object */;
}
